// !$*UTF8*$!
{
	archiveVersion = 1;
	classes = {
	};
	objectVersion = 46;
	objects = {

/* Begin PBXBuildFile section */
		DD2717B11F5E2BA1001F38ED /* AppDelegate.swift in Sources */ = {isa = PBXBuildFile; fileRef = DD2717B01F5E2BA1001F38ED /* AppDelegate.swift */; };
		DD2717B31F5E2BA1001F38ED /* ViewController.swift in Sources */ = {isa = PBXBuildFile; fileRef = DD2717B21F5E2BA1001F38ED /* ViewController.swift */; };
		DD2717B61F5E2BA1001F38ED /* Main.storyboard in Resources */ = {isa = PBXBuildFile; fileRef = DD2717B41F5E2BA1001F38ED /* Main.storyboard */; };
		DD2717B81F5E2BA1001F38ED /* Assets.xcassets in Resources */ = {isa = PBXBuildFile; fileRef = DD2717B71F5E2BA1001F38ED /* Assets.xcassets */; };
		DD2717BB1F5E2BA1001F38ED /* LaunchScreen.storyboard in Resources */ = {isa = PBXBuildFile; fileRef = DD2717B91F5E2BA1001F38ED /* LaunchScreen.storyboard */; };
/* End PBXBuildFile section */

/* Begin PBXFileReference section */
		DD2717AD1F5E2BA1001F38ED /* Enjoit.app */ = {isa = PBXFileReference; explicitFileType = wrapper.application; includeInIndex = 0; path = Enjoit.app; sourceTree = BUILT_PRODUCTS_DIR; };
		DD2717B01F5E2BA1001F38ED /* AppDelegate.swift */ = {isa = PBXFileReference; lastKnownFileType = sourcecode.swift; path = AppDelegate.swift; sourceTree = "<group>"; };
		DD2717B21F5E2BA1001F38ED /* ViewController.swift */ = {isa = PBXFileReference; lastKnownFileType = sourcecode.swift; path = ViewController.swift; sourceTree = "<group>"; };
		DD2717B51F5E2BA1001F38ED /* Base */ = {isa = PBXFileReference; lastKnownFileType = file.storyboard; name = Base; path = Base.lproj/Main.storyboard; sourceTree = "<group>"; };
		DD2717B71F5E2BA1001F38ED /* Assets.xcassets */ = {isa = PBXFileReference; lastKnownFileType = folder.assetcatalog; path = Assets.xcassets; sourceTree = "<group>"; };
		DD2717BA1F5E2BA1001F38ED /* Base */ = {isa = PBXFileReference; lastKnownFileType = file.storyboard; name = Base; path = Base.lproj/LaunchScreen.storyboard; sourceTree = "<group>"; };
		DD2717BC1F5E2BA1001F38ED /* Info.plist */ = {isa = PBXFileReference; lastKnownFileType = text.plist.xml; path = Info.plist; sourceTree = "<group>"; };
/* End PBXFileReference section */

/* Begin PBXFrameworksBuildPhase section */
		DD2717AA1F5E2BA1001F38ED /* Frameworks */ = {
			isa = PBXFrameworksBuildPhase;
			buildActionMask = 2147483647;
			files = (
			);
			runOnlyForDeploymentPostprocessing = 0;
		};
/* End PBXFrameworksBuildPhase section */

/* Begin PBXGroup section */
		DD2717A41F5E2BA1001F38ED = {
			isa = PBXGroup;
			children = (
				DD2717AF1F5E2BA1001F38ED /* Enjoit */,
				DD2717AE1F5E2BA1001F38ED /* Products */,
			);
			sourceTree = "<group>";
		};
		DD2717AE1F5E2BA1001F38ED /* Products */ = {
			isa = PBXGroup;
			children = (
				DD2717AD1F5E2BA1001F38ED /* Enjoit.app */,
			);
			name = Products;
			sourceTree = "<group>";
		};
		DD2717AF1F5E2BA1001F38ED /* Enjoit */ = {
			isa = PBXGroup;
			children = (
				DD2717B01F5E2BA1001F38ED /* AppDelegate.swift */,
				DD2717B21F5E2BA1001F38ED /* ViewController.swift */,
				DD2717B41F5E2BA1001F38ED /* Main.storyboard */,
				DD2717B71F5E2BA1001F38ED /* Assets.xcassets */,
				DD2717B91F5E2BA1001F38ED /* LaunchScreen.storyboard */,
				DD2717BC1F5E2BA1001F38ED /* Info.plist */,
			);
			path = Enjoit;
			sourceTree = "<group>";
		};
/* End PBXGroup section */

/* Begin PBXNativeTarget section */
		DD2717AC1F5E2BA1001F38ED /* Enjoit */ = {
			isa = PBXNativeTarget;
			buildConfigurationList = DD2717BF1F5E2BA1001F38ED /* Build configuration list for PBXNativeTarget "Enjoit" */;
			buildPhases = (
				DD2717A91F5E2BA1001F38ED /* Sources */,
				DD2717AA1F5E2BA1001F38ED /* Frameworks */,
				DD2717AB1F5E2BA1001F38ED /* Resources */,
			);
			buildRules = (
			);
			dependencies = (
			);
			name = Enjoit;
			productName = Enjoit;
			productReference = DD2717AD1F5E2BA1001F38ED /* Enjoit.app */;
			productType = "com.apple.product-type.application";
		};
/* End PBXNativeTarget section */

/* Begin PBXProject section */
		DD2717A51F5E2BA1001F38ED /* Project object */ = {
			isa = PBXProject;
			attributes = {
				LastSwiftUpdateCheck = 0830;
				LastUpgradeCheck = 0830;
				TargetAttributes = {
					DD2717AC1F5E2BA1001F38ED = {
						CreatedOnToolsVersion = 8.3;
						DevelopmentTeam = D7N8YFLZUT;
						ProvisioningStyle = Automatic;
					};
				};
			};
			buildConfigurationList = DD2717A81F5E2BA1001F38ED /* Build configuration list for PBXProject "Enjoit" */;
			compatibilityVersion = "Xcode 3.2";
			developmentRegion = English;
			hasScannedForEncodings = 0;
			knownRegions = (
				en,
				Base,
			);
			mainGroup = DD2717A41F5E2BA1001F38ED;
			productRefGroup = DD2717AE1F5E2BA1001F38ED /* Products */;
			projectDirPath = "";
			projectRoot = "";
			targets = (
				DD2717AC1F5E2BA1001F38ED /* Enjoit */,
			);
		};
/* End PBXProject section */

/* Begin PBXResourcesBuildPhase section */
		DD2717AB1F5E2BA1001F38ED /* Resources */ = {
			isa = PBXResourcesBuildPhase;
			buildActionMask = 2147483647;
			files = (
				DD2717BB1F5E2BA1001F38ED /* LaunchScreen.storyboard in Resources */,
				DD2717B81F5E2BA1001F38ED /* Assets.xcassets in Resources */,
				DD2717B61F5E2BA1001F38ED /* Main.storyboard in Resources */,
			);
			runOnlyForDeploymentPostprocessing = 0;
		};
/* End PBXResourcesBuildPhase section */

/* Begin PBXSourcesBuildPhase section */
		DD2717A91F5E2BA1001F38ED /* Sources */ = {
			isa = PBXSourcesBuildPhase;
			buildActionMask = 2147483647;
			files = (
				DD2717B31F5E2BA1001F38ED /* ViewController.swift in Sources */,
				DD2717B11F5E2BA1001F38ED /* AppDelegate.swift in Sources */,
			);
			runOnlyForDeploymentPostprocessing = 0;
		};
/* End PBXSourcesBuildPhase section */

/* Begin PBXVariantGroup section */
		DD2717B41F5E2BA1001F38ED /* Main.storyboard */ = {
			isa = PBXVariantGroup;
			children = (
				DD2717B51F5E2BA1001F38ED /* Base */,
			);
			name = Main.storyboard;
			sourceTree = "<group>";
		};
		DD2717B91F5E2BA1001F38ED /* LaunchScreen.storyboard */ = {
			isa = PBXVariantGroup;
			children = (
				DD2717BA1F5E2BA1001F38ED /* Base */,
			);
			name = LaunchScreen.storyboard;
			sourceTree = "<group>";
		};
/* End PBXVariantGroup section */

/* Begin XCBuildConfiguration section */
		DD2717BD1F5E2BA1001F38ED /* Debug */ = {
			isa = XCBuildConfiguration;
			buildSettings = {
				ALWAYS_SEARCH_USER_PATHS = NO;
				CLANG_ANALYZER_NONNULL = YES;
				CLANG_ANALYZER_NUMBER_OBJECT_CONVERSION = YES_AGGRESSIVE;
				CLANG_CXX_LANGUAGE_STANDARD = "gnu++0x";
				CLANG_CXX_LIBRARY = "libc++";
				CLANG_ENABLE_MODULES = YES;
				CLANG_ENABLE_OBJC_ARC = YES;
				CLANG_WARN_BOOL_CONVERSION = YES;
				CLANG_WARN_CONSTANT_CONVERSION = YES;
				CLANG_WARN_DIRECT_OBJC_ISA_USAGE = YES_ERROR;
				CLANG_WARN_DOCUMENTATION_COMMENTS = YES;
				CLANG_WARN_EMPTY_BODY = YES;
				CLANG_WARN_ENUM_CONVERSION = YES;
				CLANG_WARN_INFINITE_RECURSION = YES;
				CLANG_WARN_INT_CONVERSION = YES;
				CLANG_WARN_OBJC_ROOT_CLASS = YES_ERROR;
				CLANG_WARN_SUSPICIOUS_MOVE = YES;
				CLANG_WARN_UNREACHABLE_CODE = YES;
				CLANG_WARN__DUPLICATE_METHOD_MATCH = YES;
				"CODE_SIGN_IDENTITY[sdk=iphoneos*]" = "iPhone Developer";
				COPY_PHASE_STRIP = NO;
				DEBUG_INFORMATION_FORMAT = dwarf;
				ENABLE_STRICT_OBJC_MSGSEND = YES;
				ENABLE_TESTABILITY = YES;
				GCC_C_LANGUAGE_STANDARD = gnu99;
				GCC_DYNAMIC_NO_PIC = NO;
				GCC_NO_COMMON_BLOCKS = YES;
				GCC_OPTIMIZATION_LEVEL = 0;
				GCC_PREPROCESSOR_DEFINITIONS = (
					"DEBUG=1",
					"$(inherited)",
				);
				GCC_WARN_64_TO_32_BIT_CONVERSION = YES;
				GCC_WARN_ABOUT_RETURN_TYPE = YES_ERROR;
				GCC_WARN_UNDECLARED_SELECTOR = YES;
				GCC_WARN_UNINITIALIZED_AUTOS = YES_AGGRESSIVE;
				GCC_WARN_UNUSED_FUNCTION = YES;
				GCC_WARN_UNUSED_VARIABLE = YES;
				IPHONEOS_DEPLOYMENT_TARGET = 10.3;
				MTL_ENABLE_DEBUG_INFO = YES;
				ONLY_ACTIVE_ARCH = YES;
				SDKROOT = iphoneos;
				SWIFT_ACTIVE_COMPILATION_CONDITIONS = DEBUG;
				SWIFT_OPTIMIZATION_LEVEL = "-Onone";
			};
			name = Debug;
		};
		DD2717BE1F5E2BA1001F38ED /* Release */ = {
			isa = XCBuildConfiguration;
			buildSettings = {
				ALWAYS_SEARCH_USER_PATHS = NO;
				CLANG_ANALYZER_NONNULL = YES;
				CLANG_ANALYZER_NUMBER_OBJECT_CONVERSION = YES_AGGRESSIVE;
				CLANG_CXX_LANGUAGE_STANDARD = "gnu++0x";
				CLANG_CXX_LIBRARY = "libc++";
				CLANG_ENABLE_MODULES = YES;
				CLANG_ENABLE_OBJC_ARC = YES;
				CLANG_WARN_BOOL_CONVERSION = YES;
				CLANG_WARN_CONSTANT_CONVERSION = YES;
				CLANG_WARN_DIRECT_OBJC_ISA_USAGE = YES_ERROR;
				CLANG_WARN_DOCUMENTATION_COMMENTS = YES;
				CLANG_WARN_EMPTY_BODY = YES;
				CLANG_WARN_ENUM_CONVERSION = YES;
				CLANG_WARN_INFINITE_RECURSION = YES;
				CLANG_WARN_INT_CONVERSION = YES;
				CLANG_WARN_OBJC_ROOT_CLASS = YES_ERROR;
				CLANG_WARN_SUSPICIOUS_MOVE = YES;
				CLANG_WARN_UNREACHABLE_CODE = YES;
				CLANG_WARN__DUPLICATE_METHOD_MATCH = YES;
				"CODE_SIGN_IDENTITY[sdk=iphoneos*]" = "iPhone Developer";
				COPY_PHASE_STRIP = NO;
				DEBUG_INFORMATION_FORMAT = "dwarf-with-dsym";
				ENABLE_NS_ASSERTIONS = NO;
				ENABLE_STRICT_OBJC_MSGSEND = YES;
				GCC_C_LANGUAGE_STANDARD = gnu99;
				GCC_NO_COMMON_BLOCKS = YES;
				GCC_WARN_64_TO_32_BIT_CONVERSION = YES;
				GCC_WARN_ABOUT_RETURN_TYPE = YES_ERROR;
				GCC_WARN_UNDECLARED_SELECTOR = YES;
				GCC_WARN_UNINITIALIZED_AUTOS = YES_AGGRESSIVE;
				GCC_WARN_UNUSED_FUNCTION = YES;
				GCC_WARN_UNUSED_VARIABLE = YES;
				IPHONEOS_DEPLOYMENT_TARGET = 10.3;
				MTL_ENABLE_DEBUG_INFO = NO;
				SDKROOT = iphoneos;
				SWIFT_OPTIMIZATION_LEVEL = "-Owholemodule";
				VALIDATE_PRODUCT = YES;
			};
			name = Release;
		};
		DD2717C01F5E2BA1001F38ED /* Debug */ = {
			isa = XCBuildConfiguration;
			buildSettings = {
				ASSETCATALOG_COMPILER_APPICON_NAME = AppIcon;
				DEVELOPMENT_TEAM = D7N8YFLZUT;
				INFOPLIST_FILE = Enjoit/Info.plist;
				LD_RUNPATH_SEARCH_PATHS = "$(inherited) @executable_path/Frameworks";
				PRODUCT_BUNDLE_IDENTIFIER = company.Enjoit;
				PRODUCT_NAME = "$(TARGET_NAME)";
				SWIFT_VERSION = 3.0;
			};
			name = Debug;
		};
		DD2717C11F5E2BA1001F38ED /* Release */ = {
			isa = XCBuildConfiguration;
			buildSettings = {
				ASSETCATALOG_COMPILER_APPICON_NAME = AppIcon;
				DEVELOPMENT_TEAM = D7N8YFLZUT;
				INFOPLIST_FILE = Enjoit/Info.plist;
				LD_RUNPATH_SEARCH_PATHS = "$(inherited) @executable_path/Frameworks";
				PRODUCT_BUNDLE_IDENTIFIER = company.Enjoit;
				PRODUCT_NAME = "$(TARGET_NAME)";
				SWIFT_VERSION = 3.0;
			};
			name = Release;
		};
/* End XCBuildConfiguration section */

/* Begin XCConfigurationList section */
		DD2717A81F5E2BA1001F38ED /* Build configuration list for PBXProject "Enjoit" */ = {
			isa = XCConfigurationList;
			buildConfigurations = (
				DD2717BD1F5E2BA1001F38ED /* Debug */,
				DD2717BE1F5E2BA1001F38ED /* Release */,
			);
			defaultConfigurationIsVisible = 0;
			defaultConfigurationName = Release;
		};
		DD2717BF1F5E2BA1001F38ED /* Build configuration list for PBXNativeTarget "Enjoit" */ = {
			isa = XCConfigurationList;
			buildConfigurations = (
				DD2717C01F5E2BA1001F38ED /* Debug */,
				DD2717C11F5E2BA1001F38ED /* Release */,
			);
			defaultConfigurationIsVisible = 0;
		};
/* End XCConfigurationList section */
	};
	rootObject = DD2717A51F5E2BA1001F38ED /* Project object */;
}
